
Microsoft Visual Studio Solution File, Format Version 10.00
# Visual C++ Express 2008
Project("{8BC9CEB8-8B4A-11D0-8D11-00A0C91BC942}") = "liblacewing", "liblacewing.vcproj", "{522C3F0C-C515-4722-A30B-98D2D156E907}"
EndProject
Project("{8BC9CEB8-8B4A-11D0-8D11-00A0C91BC942}") = "example-upload-file-cxx", "..\examples\upload_file\example-upload-file-cxx.vcproj", "{905EE570-7288-4E15-BD0D-79CD550D81DC}"
	ProjectSection(ProjectDependencies) = postProject
		{522C3F0C-C515-4722-A30B-98D2D156E907} = {522C3F0C-C515-4722-A30B-98D2D156E907}
	EndProjectSection
EndProject
Project("{8BC9CEB8-8B4A-11D0-8D11-00A0C91BC942}") = "example-hello-world-c", "..\examples\hello_world\example-hello-world-c.vcproj", "{497152CB-15D9-4A93-A602-3B8571083CD2}"
	ProjectSection(ProjectDependencies) = postProject
		{522C3F0C-C515-4722-A30B-98D2D156E907} = {522C3F0C-C515-4722-A30B-98D2D156E907}
	EndProjectSection
EndProject
Project("{8BC9CEB8-8B4A-11D0-8D11-00A0C91BC942}") = "example-hello-world-cxx", "..\examples\hello_world\example-hello-world-cxx.vcproj", "{BFAABE76-508E-42DD-AFEE-565EEDC76A87}"
	ProjectSection(ProjectDependencies) = postProject
		{522C3F0C-C515-4722-A30B-98D2D156E907} = {522C3F0C-C515-4722-A30B-98D2D156E907}
	EndProjectSection
EndProject
Project("{8BC9CEB8-8B4A-11D0-8D11-00A0C91BC942}") = "example-ajax-cxx", "..\examples\ajax\example-ajax-cxx.vcproj", "{5D157A42-CEB2-4E07-AC17-A61A8B20FE43}"
	ProjectSection(ProjectDependencies) = postProject
		{522C3F0C-C515-4722-A30B-98D2D156E907} = {522C3F0C-C515-4722-A30B-98D2D156E907}
	EndProjectSection
EndProject
Project("{8BC9CEB8-8B4A-11D0-8D11-00A0C91BC942}") = "example-get-cxx", "..\examples\get\example-get-cxx.vcproj", "{0861BEF6-B9BB-4E11-B9BF-5C595079A273}"
	ProjectSection(ProjectDependencies) = postProject
		{522C3F0C-C515-4722-A30B-98D2D156E907} = {522C3F0C-C515-4722-A30B-98D2D156E907}
	EndProjectSection
EndProject
Project("{8BC9CEB8-8B4A-11D0-8D11-00A0C91BC942}") = "example-post-cxx", "..\examples\post\example-post-cxx.vcproj", "{C53879E7-6779-4206-BA19-5570A1FE8240}"
	ProjectSection(ProjectDependencies) = postProject
		{522C3F0C-C515-4722-A30B-98D2D156E907} = {522C3F0C-C515-4722-A30B-98D2D156E907}
	EndProjectSection
EndProject
Project("{8BC9CEB8-8B4A-11D0-8D11-00A0C91BC942}") = "example-send-file-cxx", "..\examples\send_file\example-send-file-cxx.vcproj", "{2C1FF954-49FF-41B7-B606-328E0A961ABE}"
	ProjectSection(ProjectDependencies) = postProject
		{522C3F0C-C515-4722-A30B-98D2D156E907} = {522C3F0C-C515-4722-A30B-98D2D156E907}
	EndProjectSection
EndProject
Project("{8BC9CEB8-8B4A-11D0-8D11-00A0C91BC942}") = "example-send-file-c", "..\examples\send_file\example-send-file-c.vcproj", "{37DB04F9-E497-4950-87EE-D0913A240911}"
	ProjectSection(ProjectDependencies) = postProject
		{522C3F0C-C515-4722-A30B-98D2D156E907} = {522C3F0C-C515-4722-A30B-98D2D156E907}
	EndProjectSection
EndProject
Global
	GlobalSection(SolutionConfigurationPlatforms) = preSolution
		DLL - Debug|Win32 = DLL - Debug|Win32
		DLL - Release|Win32 = DLL - Release|Win32
		Static Library - Debug|Win32 = Static Library - Debug|Win32
		Static Library - Release|Win32 = Static Library - Release|Win32
	EndGlobalSection
	GlobalSection(ProjectConfigurationPlatforms) = postSolution
		{522C3F0C-C515-4722-A30B-98D2D156E907}.DLL - Debug|Win32.ActiveCfg = DLL - Debug|Win32
		{522C3F0C-C515-4722-A30B-98D2D156E907}.DLL - Debug|Win32.Build.0 = DLL - Debug|Win32
		{522C3F0C-C515-4722-A30B-98D2D156E907}.DLL - Release|Win32.ActiveCfg = DLL - Release|Win32
		{522C3F0C-C515-4722-A30B-98D2D156E907}.DLL - Release|Win32.Build.0 = DLL - Release|Win32
		{522C3F0C-C515-4722-A30B-98D2D156E907}.Static Library - Debug|Win32.ActiveCfg = Static Library - Debug|Win32
		{522C3F0C-C515-4722-A30B-98D2D156E907}.Static Library - Debug|Win32.Build.0 = Static Library - Debug|Win32
		{522C3F0C-C515-4722-A30B-98D2D156E907}.Static Library - Release|Win32.ActiveCfg = Static Library - Release|Win32
		{522C3F0C-C515-4722-A30B-98D2D156E907}.Static Library - Release|Win32.Build.0 = Static Library - Release|Win32
		{905EE570-7288-4E15-BD0D-79CD550D81DC}.DLL - Debug|Win32.ActiveCfg = DLL - Debug|Win32
		{905EE570-7288-4E15-BD0D-79CD550D81DC}.DLL - Debug|Win32.Build.0 = DLL - Debug|Win32
		{905EE570-7288-4E15-BD0D-79CD550D81DC}.DLL - Release|Win32.ActiveCfg = DLL - Release|Win32
		{905EE570-7288-4E15-BD0D-79CD550D81DC}.DLL - Release|Win32.Build.0 = DLL - Release|Win32
		{905EE570-7288-4E15-BD0D-79CD550D81DC}.Static Library - Debug|Win32.ActiveCfg = Static Library - Debug|Win32
		{905EE570-7288-4E15-BD0D-79CD550D81DC}.Static Library - Debug|Win32.Build.0 = Static Library - Debug|Win32
		{905EE570-7288-4E15-BD0D-79CD550D81DC}.Static Library - Release|Win32.ActiveCfg = Static Library - Release|Win32
		{905EE570-7288-4E15-BD0D-79CD550D81DC}.Static Library - Release|Win32.Build.0 = Static Library - Release|Win32
		{497152CB-15D9-4A93-A602-3B8571083CD2}.DLL - Debug|Win32.ActiveCfg = DLL - Debug|Win32
		{497152CB-15D9-4A93-A602-3B8571083CD2}.DLL - Debug|Win32.Build.0 = DLL - Debug|Win32
		{497152CB-15D9-4A93-A602-3B8571083CD2}.DLL - Release|Win32.ActiveCfg = DLL - Release|Win32
		{497152CB-15D9-4A93-A602-3B8571083CD2}.DLL - Release|Win32.Build.0 = DLL - Release|Win32
		{497152CB-15D9-4A93-A602-3B8571083CD2}.Static Library - Debug|Win32.ActiveCfg = Static Library - Debug|Win32
		{497152CB-15D9-4A93-A602-3B8571083CD2}.Static Library - Debug|Win32.Build.0 = Static Library - Debug|Win32
		{497152CB-15D9-4A93-A602-3B8571083CD2}.Static Library - Release|Win32.ActiveCfg = Static Library - Release|Win32
		{497152CB-15D9-4A93-A602-3B8571083CD2}.Static Library - Release|Win32.Build.0 = Static Library - Release|Win32
		{BFAABE76-508E-42DD-AFEE-565EEDC76A87}.DLL - Debug|Win32.ActiveCfg = DLL - Debug|Win32
		{BFAABE76-508E-42DD-AFEE-565EEDC76A87}.DLL - Debug|Win32.Build.0 = DLL - Debug|Win32
		{BFAABE76-508E-42DD-AFEE-565EEDC76A87}.DLL - Release|Win32.ActiveCfg = DLL - Release|Win32
		{BFAABE76-508E-42DD-AFEE-565EEDC76A87}.DLL - Release|Win32.Build.0 = DLL - Release|Win32
		{BFAABE76-508E-42DD-AFEE-565EEDC76A87}.Static Library - Debug|Win32.ActiveCfg = Static Library - Debug|Win32
		{BFAABE76-508E-42DD-AFEE-565EEDC76A87}.Static Library - Debug|Win32.Build.0 = Static Library - Debug|Win32
		{BFAABE76-508E-42DD-AFEE-565EEDC76A87}.Static Library - Release|Win32.ActiveCfg = Static Library - Release|Win32
		{BFAABE76-508E-42DD-AFEE-565EEDC76A87}.Static Library - Release|Win32.Build.0 = Static Library - Release|Win32
		{5D157A42-CEB2-4E07-AC17-A61A8B20FE43}.DLL - Debug|Win32.ActiveCfg = DLL - Debug|Win32
		{5D157A42-CEB2-4E07-AC17-A61A8B20FE43}.DLL - Debug|Win32.Build.0 = DLL - Debug|Win32
		{5D157A42-CEB2-4E07-AC17-A61A8B20FE43}.DLL - Release|Win32.ActiveCfg = DLL - Release|Win32
		{5D157A42-CEB2-4E07-AC17-A61A8B20FE43}.DLL - Release|Win32.Build.0 = DLL - Release|Win32
		{5D157A42-CEB2-4E07-AC17-A61A8B20FE43}.Static Library - Debug|Win32.ActiveCfg = Static Library - Debug|Win32
		{5D157A42-CEB2-4E07-AC17-A61A8B20FE43}.Static Library - Debug|Win32.Build.0 = Static Library - Debug|Win32
		{5D157A42-CEB2-4E07-AC17-A61A8B20FE43}.Static Library - Release|Win32.ActiveCfg = Static Library - Release|Win32
		{5D157A42-CEB2-4E07-AC17-A61A8B20FE43}.Static Library - Release|Win32.Build.0 = Static Library - Release|Win32
		{0861BEF6-B9BB-4E11-B9BF-5C595079A273}.DLL - Debug|Win32.ActiveCfg = DLL - Debug|Win32
		{0861BEF6-B9BB-4E11-B9BF-5C595079A273}.DLL - Debug|Win32.Build.0 = DLL - Debug|Win32
		{0861BEF6-B9BB-4E11-B9BF-5C595079A273}.DLL - Release|Win32.ActiveCfg = DLL - Release|Win32
		{0861BEF6-B9BB-4E11-B9BF-5C595079A273}.DLL - Release|Win32.Build.0 = DLL - Release|Win32
		{0861BEF6-B9BB-4E11-B9BF-5C595079A273}.Static Library - Debug|Win32.ActiveCfg = Static Library - Debug|Win32
		{0861BEF6-B9BB-4E11-B9BF-5C595079A273}.Static Library - Debug|Win32.Build.0 = Static Library - Debug|Win32
		{0861BEF6-B9BB-4E11-B9BF-5C595079A273}.Static Library - Release|Win32.ActiveCfg = Static Library - Release|Win32
		{0861BEF6-B9BB-4E11-B9BF-5C595079A273}.Static Library - Release|Win32.Build.0 = Static Library - Release|Win32
		{C53879E7-6779-4206-BA19-5570A1FE8240}.DLL - Debug|Win32.ActiveCfg = DLL - Debug|Win32
		{C53879E7-6779-4206-BA19-5570A1FE8240}.DLL - Debug|Win32.Build.0 = DLL - Debug|Win32
		{C53879E7-6779-4206-BA19-5570A1FE8240}.DLL - Release|Win32.ActiveCfg = DLL - Release|Win32
		{C53879E7-6779-4206-BA19-5570A1FE8240}.DLL - Release|Win32.Build.0 = DLL - Release|Win32
		{C53879E7-6779-4206-BA19-5570A1FE8240}.Static Library - Debug|Win32.ActiveCfg = Static Library - Debug|Win32
		{C53879E7-6779-4206-BA19-5570A1FE8240}.Static Library - Debug|Win32.Build.0 = Static Library - Debug|Win32
		{C53879E7-6779-4206-BA19-5570A1FE8240}.Static Library - Release|Win32.ActiveCfg = Static Library - Release|Win32
		{C53879E7-6779-4206-BA19-5570A1FE8240}.Static Library - Release|Win32.Build.0 = Static Library - Release|Win32
		{2C1FF954-49FF-41B7-B606-328E0A961ABE}.DLL - Debug|Win32.ActiveCfg = DLL - Debug|Win32
		{2C1FF954-49FF-41B7-B606-328E0A961ABE}.DLL - Debug|Win32.Build.0 = DLL - Debug|Win32
		{2C1FF954-49FF-41B7-B606-328E0A961ABE}.DLL - Release|Win32.ActiveCfg = DLL - Release|Win32
		{2C1FF954-49FF-41B7-B606-328E0A961ABE}.DLL - Release|Win32.Build.0 = DLL - Release|Win32
		{2C1FF954-49FF-41B7-B606-328E0A961ABE}.Static Library - Debug|Win32.ActiveCfg = Static Library - Debug|Win32
		{2C1FF954-49FF-41B7-B606-328E0A961ABE}.Static Library - Debug|Win32.Build.0 = Static Library - Debug|Win32
		{2C1FF954-49FF-41B7-B606-328E0A961ABE}.Static Library - Release|Win32.ActiveCfg = Static Library - Release|Win32
		{2C1FF954-49FF-41B7-B606-328E0A961ABE}.Static Library - Release|Win32.Build.0 = Static Library - Release|Win32
		{37DB04F9-E497-4950-87EE-D0913A240911}.DLL - Debug|Win32.ActiveCfg = DLL - Debug|Win32
		{37DB04F9-E497-4950-87EE-D0913A240911}.DLL - Debug|Win32.Build.0 = DLL - Debug|Win32
		{37DB04F9-E497-4950-87EE-D0913A240911}.DLL - Release|Win32.ActiveCfg = DLL - Release|Win32
		{37DB04F9-E497-4950-87EE-D0913A240911}.DLL - Release|Win32.Build.0 = DLL - Release|Win32
		{37DB04F9-E497-4950-87EE-D0913A240911}.Static Library - Debug|Win32.ActiveCfg = Static Library - Debug|Win32
		{37DB04F9-E497-4950-87EE-D0913A240911}.Static Library - Debug|Win32.Build.0 = Static Library - Debug|Win32
		{37DB04F9-E497-4950-87EE-D0913A240911}.Static Library - Release|Win32.ActiveCfg = Static Library - Release|Win32
		{37DB04F9-E497-4950-87EE-D0913A240911}.Static Library - Release|Win32.Build.0 = Static Library - Release|Win32
	EndGlobalSection
	GlobalSection(SolutionProperties) = preSolution
		HideSolutionNode = FALSE
	EndGlobalSection
EndGlobal
